// !$*UTF8*$!
{
	archiveVersion = 1;
	classes = {
	};
	objectVersion = 56;
	objects = {

/* Begin PBXBuildFile section */
		3CB363442919DBF900737CF5 /* ViewModel.swift in Sources */ = {isa = PBXBuildFile; fileRef = 3CB363432919DBF900737CF5 /* ViewModel.swift */; };
		3CB363482919DC3800737CF5 /* Utilities.swift in Sources */ = {isa = PBXBuildFile; fileRef = 3CB363472919DC3800737CF5 /* Utilities.swift */; };
		3CB3634A2919DD9000737CF5 /* Level.swift in Sources */ = {isa = PBXBuildFile; fileRef = 3CB363492919DD9000737CF5 /* Level.swift */; };
		3CBC12812918B0A300D9DB0E /* SwiftUICraftApp.swift in Sources */ = {isa = PBXBuildFile; fileRef = 3CBC12802918B0A300D9DB0E /* SwiftUICraftApp.swift */; };
		3CBC12832918B0A300D9DB0E /* ContentView.swift in Sources */ = {isa = PBXBuildFile; fileRef = 3CBC12822918B0A300D9DB0E /* ContentView.swift */; };
		3CBC12852918B0A400D9DB0E /* Assets.xcassets in Resources */ = {isa = PBXBuildFile; fileRef = 3CBC12842918B0A400D9DB0E /* Assets.xcassets */; };
		3CBC12902918B0D900D9DB0E /* Prism in Frameworks */ = {isa = PBXBuildFile; productRef = 3CBC128F2918B0D900D9DB0E /* Prism */; };
		3CC25B72291C26420008449D /* Item.swift in Sources */ = {isa = PBXBuildFile; fileRef = 3CC25B71291C26420008449D /* Item.swift */; };
		3CC25B74291C26540008449D /* Block.swift in Sources */ = {isa = PBXBuildFile; fileRef = 3CC25B73291C26540008449D /* Block.swift */; };
		3CC25B76291C265E0008449D /* Texture.swift in Sources */ = {isa = PBXBuildFile; fileRef = 3CC25B75291C265E0008449D /* Texture.swift */; };
		3CC25B78291C266F0008449D /* World.swift in Sources */ = {isa = PBXBuildFile; fileRef = 3CC25B77291C266F0008449D /* World.swift */; };
		3CC25B7A291C267B0008449D /* Coordinate.swift in Sources */ = {isa = PBXBuildFile; fileRef = 3CC25B79291C267B0008449D /* Coordinate.swift */; };
		3CC25B7C291C26910008449D /* Control.swift in Sources */ = {isa = PBXBuildFile; fileRef = 3CC25B7B291C26910008449D /* Control.swift */; };
		3CC25B7F291C27C70008449D /* ControlView.swift in Sources */ = {isa = PBXBuildFile; fileRef = 3CC25B7E291C27C70008449D /* ControlView.swift */; };
		3CC25B81291C27D20008449D /* ItemView.swift in Sources */ = {isa = PBXBuildFile; fileRef = 3CC25B80291C27D20008449D /* ItemView.swift */; };
		3CC25B83291C27DC0008449D /* BlockView.swift in Sources */ = {isa = PBXBuildFile; fileRef = 3CC25B82291C27DC0008449D /* BlockView.swift */; };
		3CC25B85291C27F10008449D /* MenuView.swift in Sources */ = {isa = PBXBuildFile; fileRef = 3CC25B84291C27F10008449D /* MenuView.swift */; };
		3CC25B87291C285D0008449D /* GameView.swift in Sources */ = {isa = PBXBuildFile; fileRef = 3CC25B86291C285D0008449D /* GameView.swift */; };
		3CC25B89291C28AC0008449D /* ControlsView.swift in Sources */ = {isa = PBXBuildFile; fileRef = 3CC25B88291C28AC0008449D /* ControlsView.swift */; };
/* End PBXBuildFile section */

/* Begin PBXFileReference section */
		3CB363432919DBF900737CF5 /* ViewModel.swift */ = {isa = PBXFileReference; lastKnownFileType = sourcecode.swift; path = ViewModel.swift; sourceTree = "<group>"; };
		3CB363472919DC3800737CF5 /* Utilities.swift */ = {isa = PBXFileReference; lastKnownFileType = sourcecode.swift; path = Utilities.swift; sourceTree = "<group>"; };
		3CB363492919DD9000737CF5 /* Level.swift */ = {isa = PBXFileReference; lastKnownFileType = sourcecode.swift; path = Level.swift; sourceTree = "<group>"; };
		3CBC127D2918B0A300D9DB0E /* SwiftUICraft.app */ = {isa = PBXFileReference; explicitFileType = wrapper.application; includeInIndex = 0; path = SwiftUICraft.app; sourceTree = BUILT_PRODUCTS_DIR; };
		3CBC12802918B0A300D9DB0E /* SwiftUICraftApp.swift */ = {isa = PBXFileReference; lastKnownFileType = sourcecode.swift; path = SwiftUICraftApp.swift; sourceTree = "<group>"; };
		3CBC12822918B0A300D9DB0E /* ContentView.swift */ = {isa = PBXFileReference; lastKnownFileType = sourcecode.swift; path = ContentView.swift; sourceTree = "<group>"; };
		3CBC12842918B0A400D9DB0E /* Assets.xcassets */ = {isa = PBXFileReference; lastKnownFileType = folder.assetcatalog; path = Assets.xcassets; sourceTree = "<group>"; };
		3CC25B71291C26420008449D /* Item.swift */ = {isa = PBXFileReference; lastKnownFileType = sourcecode.swift; path = Item.swift; sourceTree = "<group>"; };
		3CC25B73291C26540008449D /* Block.swift */ = {isa = PBXFileReference; lastKnownFileType = sourcecode.swift; path = Block.swift; sourceTree = "<group>"; };
		3CC25B75291C265E0008449D /* Texture.swift */ = {isa = PBXFileReference; lastKnownFileType = sourcecode.swift; path = Texture.swift; sourceTree = "<group>"; };
		3CC25B77291C266F0008449D /* World.swift */ = {isa = PBXFileReference; lastKnownFileType = sourcecode.swift; path = World.swift; sourceTree = "<group>"; };
		3CC25B79291C267B0008449D /* Coordinate.swift */ = {isa = PBXFileReference; lastKnownFileType = sourcecode.swift; path = Coordinate.swift; sourceTree = "<group>"; };
		3CC25B7B291C26910008449D /* Control.swift */ = {isa = PBXFileReference; lastKnownFileType = sourcecode.swift; path = Control.swift; sourceTree = "<group>"; };
		3CC25B7E291C27C70008449D /* ControlView.swift */ = {isa = PBXFileReference; lastKnownFileType = sourcecode.swift; path = ControlView.swift; sourceTree = "<group>"; };
		3CC25B80291C27D20008449D /* ItemView.swift */ = {isa = PBXFileReference; lastKnownFileType = sourcecode.swift; path = ItemView.swift; sourceTree = "<group>"; };
		3CC25B82291C27DC0008449D /* BlockView.swift */ = {isa = PBXFileReference; lastKnownFileType = sourcecode.swift; path = BlockView.swift; sourceTree = "<group>"; };
		3CC25B84291C27F10008449D /* MenuView.swift */ = {isa = PBXFileReference; lastKnownFileType = sourcecode.swift; path = MenuView.swift; sourceTree = "<group>"; };
		3CC25B86291C285D0008449D /* GameView.swift */ = {isa = PBXFileReference; lastKnownFileType = sourcecode.swift; path = GameView.swift; sourceTree = "<group>"; };
		3CC25B88291C28AC0008449D /* ControlsView.swift */ = {isa = PBXFileReference; lastKnownFileType = sourcecode.swift; path = ControlsView.swift; sourceTree = "<group>"; };
/* End PBXFileReference section */

/* Begin PBXFrameworksBuildPhase section */
		3CBC127A2918B0A300D9DB0E /* Frameworks */ = {
			isa = PBXFrameworksBuildPhase;
			buildActionMask = 2147483647;
			files = (
				3CBC12902918B0D900D9DB0E /* Prism in Frameworks */,
			);
			runOnlyForDeploymentPostprocessing = 0;
		};
/* End PBXFrameworksBuildPhase section */

/* Begin PBXGroup section */
		3CBC12742918B0A300D9DB0E = {
			isa = PBXGroup;
			children = (
				3CBC127F2918B0A300D9DB0E /* SwiftUICraft */,
				3CBC127E2918B0A300D9DB0E /* Products */,
			);
			sourceTree = "<group>";
		};
		3CBC127E2918B0A300D9DB0E /* Products */ = {
			isa = PBXGroup;
			children = (
				3CBC127D2918B0A300D9DB0E /* SwiftUICraft.app */,
			);
			name = Products;
			sourceTree = "<group>";
		};
		3CBC127F2918B0A300D9DB0E /* SwiftUICraft */ = {
			isa = PBXGroup;
			children = (
				3CC25B8A291C29070008449D /* App */,
				3CC25B70291C263B0008449D /* Models */,
				3CC25B7D291C27B40008449D /* Views */,
				3CBC12842918B0A400D9DB0E /* Assets.xcassets */,
			);
			path = SwiftUICraft;
			sourceTree = "<group>";
		};
		3CC25B70291C263B0008449D /* Models */ = {
			isa = PBXGroup;
			children = (
				3CB363492919DD9000737CF5 /* Level.swift */,
				3CC25B77291C266F0008449D /* World.swift */,
				3CC25B79291C267B0008449D /* Coordinate.swift */,
				3CC25B71291C26420008449D /* Item.swift */,
				3CC25B73291C26540008449D /* Block.swift */,
				3CC25B75291C265E0008449D /* Texture.swift */,
				3CC25B7B291C26910008449D /* Control.swift */,
			);
			path = Models;
			sourceTree = "<group>";
		};
		3CC25B7D291C27B40008449D /* Views */ = {
			isa = PBXGroup;
			children = (
				3CBC12822918B0A300D9DB0E /* ContentView.swift */,
				3CC25B86291C285D0008449D /* GameView.swift */,
				3CC25B88291C28AC0008449D /* ControlsView.swift */,
				3CC25B7E291C27C70008449D /* ControlView.swift */,
				3CC25B80291C27D20008449D /* ItemView.swift */,
				3CC25B82291C27DC0008449D /* BlockView.swift */,
				3CC25B84291C27F10008449D /* MenuView.swift */,
			);
			path = Views;
			sourceTree = "<group>";
		};
		3CC25B8A291C29070008449D /* App */ = {
			isa = PBXGroup;
			children = (
				3CBC12802918B0A300D9DB0E /* SwiftUICraftApp.swift */,
				3CB363432919DBF900737CF5 /* ViewModel.swift */,
				3CB363472919DC3800737CF5 /* Utilities.swift */,
			);
			path = App;
			sourceTree = "<group>";
		};
/* End PBXGroup section */

/* Begin PBXNativeTarget section */
		3CBC127C2918B0A300D9DB0E /* SwiftUICraft */ = {
			isa = PBXNativeTarget;
			buildConfigurationList = 3CBC128B2918B0A400D9DB0E /* Build configuration list for PBXNativeTarget "SwiftUICraft" */;
			buildPhases = (
				3CBC12792918B0A300D9DB0E /* Sources */,
				3CBC127A2918B0A300D9DB0E /* Frameworks */,
				3CBC127B2918B0A300D9DB0E /* Resources */,
			);
			buildRules = (
			);
			dependencies = (
			);
			name = SwiftUICraft;
			packageProductDependencies = (
				3CBC128F2918B0D900D9DB0E /* Prism */,
			);
			productName = MC;
			productReference = 3CBC127D2918B0A300D9DB0E /* SwiftUICraft.app */;
			productType = "com.apple.product-type.application";
		};
/* End PBXNativeTarget section */

/* Begin PBXProject section */
		3CBC12752918B0A300D9DB0E /* Project object */ = {
			isa = PBXProject;
			attributes = {
				BuildIndependentTargetsInParallel = 1;
				LastSwiftUpdateCheck = 1400;
				LastUpgradeCheck = 1400;
				TargetAttributes = {
					3CBC127C2918B0A300D9DB0E = {
						CreatedOnToolsVersion = 14.0;
					};
				};
			};
			buildConfigurationList = 3CBC12782918B0A300D9DB0E /* Build configuration list for PBXProject "SwiftUICraft" */;
			compatibilityVersion = "Xcode 14.0";
			developmentRegion = en;
			hasScannedForEncodings = 0;
			knownRegions = (
				en,
				Base,
			);
			mainGroup = 3CBC12742918B0A300D9DB0E;
			packageReferences = (
				3CBC128E2918B0D900D9DB0E /* XCRemoteSwiftPackageReference "Prism" */,
			);
			productRefGroup = 3CBC127E2918B0A300D9DB0E /* Products */;
			projectDirPath = "";
			projectRoot = "";
			targets = (
				3CBC127C2918B0A300D9DB0E /* SwiftUICraft */,
			);
		};
/* End PBXProject section */

/* Begin PBXResourcesBuildPhase section */
		3CBC127B2918B0A300D9DB0E /* Resources */ = {
			isa = PBXResourcesBuildPhase;
			buildActionMask = 2147483647;
			files = (
				3CBC12852918B0A400D9DB0E /* Assets.xcassets in Resources */,
			);
			runOnlyForDeploymentPostprocessing = 0;
		};
/* End PBXResourcesBuildPhase section */

/* Begin PBXSourcesBuildPhase section */
		3CBC12792918B0A300D9DB0E /* Sources */ = {
			isa = PBXSourcesBuildPhase;
			buildActionMask = 2147483647;
			files = (
				3CB3634A2919DD9000737CF5 /* Level.swift in Sources */,
				3CC25B74291C26540008449D /* Block.swift in Sources */,
				3CBC12832918B0A300D9DB0E /* ContentView.swift in Sources */,
				3CBC12812918B0A300D9DB0E /* SwiftUICraftApp.swift in Sources */,
				3CC25B89291C28AC0008449D /* ControlsView.swift in Sources */,
				3CC25B83291C27DC0008449D /* BlockView.swift in Sources */,
				3CC25B7F291C27C70008449D /* ControlView.swift in Sources */,
				3CC25B78291C266F0008449D /* World.swift in Sources */,
				3CC25B7C291C26910008449D /* Control.swift in Sources */,
				3CC25B7A291C267B0008449D /* Coordinate.swift in Sources */,
				3CB363442919DBF900737CF5 /* ViewModel.swift in Sources */,
				3CC25B85291C27F10008449D /* MenuView.swift in Sources */,
				3CC25B81291C27D20008449D /* ItemView.swift in Sources */,
				3CC25B72291C26420008449D /* Item.swift in Sources */,
				3CB363482919DC3800737CF5 /* Utilities.swift in Sources */,
				3CC25B87291C285D0008449D /* GameView.swift in Sources */,
				3CC25B76291C265E0008449D /* Texture.swift in Sources */,
			);
			runOnlyForDeploymentPostprocessing = 0;
		};
/* End PBXSourcesBuildPhase section */

/* Begin XCBuildConfiguration section */
		3CBC12892918B0A400D9DB0E /* Debug */ = {
			isa = XCBuildConfiguration;
			buildSettings = {
				ALWAYS_SEARCH_USER_PATHS = NO;
				CLANG_ANALYZER_NONNULL = YES;
				CLANG_ANALYZER_NUMBER_OBJECT_CONVERSION = YES_AGGRESSIVE;
				CLANG_CXX_LANGUAGE_STANDARD = "gnu++20";
				CLANG_ENABLE_MODULES = YES;
				CLANG_ENABLE_OBJC_ARC = YES;
				CLANG_ENABLE_OBJC_WEAK = YES;
				CLANG_WARN_BLOCK_CAPTURE_AUTORELEASING = YES;
				CLANG_WARN_BOOL_CONVERSION = YES;
				CLANG_WARN_COMMA = YES;
				CLANG_WARN_CONSTANT_CONVERSION = YES;
				CLANG_WARN_DEPRECATED_OBJC_IMPLEMENTATIONS = YES;
				CLANG_WARN_DIRECT_OBJC_ISA_USAGE = YES_ERROR;
				CLANG_WARN_DOCUMENTATION_COMMENTS = YES;
				CLANG_WARN_EMPTY_BODY = YES;
				CLANG_WARN_ENUM_CONVERSION = YES;
				CLANG_WARN_INFINITE_RECURSION = YES;
				CLANG_WARN_INT_CONVERSION = YES;
				CLANG_WARN_NON_LITERAL_NULL_CONVERSION = YES;
				CLANG_WARN_OBJC_IMPLICIT_RETAIN_SELF = YES;
				CLANG_WARN_OBJC_LITERAL_CONVERSION = YES;
				CLANG_WARN_OBJC_ROOT_CLASS = YES_ERROR;
				CLANG_WARN_QUOTED_INCLUDE_IN_FRAMEWORK_HEADER = YES;
				CLANG_WARN_RANGE_LOOP_ANALYSIS = YES;
				CLANG_WARN_STRICT_PROTOTYPES = YES;
				CLANG_WARN_SUSPICIOUS_MOVE = YES;
				CLANG_WARN_UNGUARDED_AVAILABILITY = YES_AGGRESSIVE;
				CLANG_WARN_UNREACHABLE_CODE = YES;
				CLANG_WARN__DUPLICATE_METHOD_MATCH = YES;
				COPY_PHASE_STRIP = NO;
				DEBUG_INFORMATION_FORMAT = dwarf;
				ENABLE_STRICT_OBJC_MSGSEND = YES;
				ENABLE_TESTABILITY = YES;
				GCC_C_LANGUAGE_STANDARD = gnu11;
				GCC_DYNAMIC_NO_PIC = NO;
				GCC_NO_COMMON_BLOCKS = YES;
				GCC_OPTIMIZATION_LEVEL = 0;
				GCC_PREPROCESSOR_DEFINITIONS = (
					"DEBUG=1",
					"$(inherited)",
				);
				GCC_WARN_64_TO_32_BIT_CONVERSION = YES;
				GCC_WARN_ABOUT_RETURN_TYPE = YES_ERROR;
				GCC_WARN_UNDECLARED_SELECTOR = YES;
				GCC_WARN_UNINITIALIZED_AUTOS = YES_AGGRESSIVE;
				GCC_WARN_UNUSED_FUNCTION = YES;
				GCC_WARN_UNUSED_VARIABLE = YES;
				IPHONEOS_DEPLOYMENT_TARGET = 16.0;
				MTL_ENABLE_DEBUG_INFO = INCLUDE_SOURCE;
				MTL_FAST_MATH = YES;
				ONLY_ACTIVE_ARCH = YES;
				SDKROOT = iphoneos;
				SWIFT_ACTIVE_COMPILATION_CONDITIONS = DEBUG;
				SWIFT_OPTIMIZATION_LEVEL = "-Onone";
			};
			name = Debug;
		};
		3CBC128A2918B0A400D9DB0E /* Release */ = {
			isa = XCBuildConfiguration;
			buildSettings = {
				ALWAYS_SEARCH_USER_PATHS = NO;
				CLANG_ANALYZER_NONNULL = YES;
				CLANG_ANALYZER_NUMBER_OBJECT_CONVERSION = YES_AGGRESSIVE;
				CLANG_CXX_LANGUAGE_STANDARD = "gnu++20";
				CLANG_ENABLE_MODULES = YES;
				CLANG_ENABLE_OBJC_ARC = YES;
				CLANG_ENABLE_OBJC_WEAK = YES;
				CLANG_WARN_BLOCK_CAPTURE_AUTORELEASING = YES;
				CLANG_WARN_BOOL_CONVERSION = YES;
				CLANG_WARN_COMMA = YES;
				CLANG_WARN_CONSTANT_CONVERSION = YES;
				CLANG_WARN_DEPRECATED_OBJC_IMPLEMENTATIONS = YES;
				CLANG_WARN_DIRECT_OBJC_ISA_USAGE = YES_ERROR;
				CLANG_WARN_DOCUMENTATION_COMMENTS = YES;
				CLANG_WARN_EMPTY_BODY = YES;
				CLANG_WARN_ENUM_CONVERSION = YES;
				CLANG_WARN_INFINITE_RECURSION = YES;
				CLANG_WARN_INT_CONVERSION = YES;
				CLANG_WARN_NON_LITERAL_NULL_CONVERSION = YES;
				CLANG_WARN_OBJC_IMPLICIT_RETAIN_SELF = YES;
				CLANG_WARN_OBJC_LITERAL_CONVERSION = YES;
				CLANG_WARN_OBJC_ROOT_CLASS = YES_ERROR;
				CLANG_WARN_QUOTED_INCLUDE_IN_FRAMEWORK_HEADER = YES;
				CLANG_WARN_RANGE_LOOP_ANALYSIS = YES;
				CLANG_WARN_STRICT_PROTOTYPES = YES;
				CLANG_WARN_SUSPICIOUS_MOVE = YES;
				CLANG_WARN_UNGUARDED_AVAILABILITY = YES_AGGRESSIVE;
				CLANG_WARN_UNREACHABLE_CODE = YES;
				CLANG_WARN__DUPLICATE_METHOD_MATCH = YES;
				COPY_PHASE_STRIP = NO;
				DEBUG_INFORMATION_FORMAT = "dwarf-with-dsym";
				ENABLE_NS_ASSERTIONS = NO;
				ENABLE_STRICT_OBJC_MSGSEND = YES;
				GCC_C_LANGUAGE_STANDARD = gnu11;
				GCC_NO_COMMON_BLOCKS = YES;
				GCC_WARN_64_TO_32_BIT_CONVERSION = YES;
				GCC_WARN_ABOUT_RETURN_TYPE = YES_ERROR;
				GCC_WARN_UNDECLARED_SELECTOR = YES;
				GCC_WARN_UNINITIALIZED_AUTOS = YES_AGGRESSIVE;
				GCC_WARN_UNUSED_FUNCTION = YES;
				GCC_WARN_UNUSED_VARIABLE = YES;
				IPHONEOS_DEPLOYMENT_TARGET = 16.0;
				MTL_ENABLE_DEBUG_INFO = NO;
				MTL_FAST_MATH = YES;
				SDKROOT = iphoneos;
				SWIFT_COMPILATION_MODE = wholemodule;
				SWIFT_OPTIMIZATION_LEVEL = "-O";
				VALIDATE_PRODUCT = YES;
			};
			name = Release;
		};
		3CBC128C2918B0A400D9DB0E /* Debug */ = {
			isa = XCBuildConfiguration;
			buildSettings = {
				ASSETCATALOG_COMPILER_APPICON_NAME = AppIcon;
				ASSETCATALOG_COMPILER_GLOBAL_ACCENT_COLOR_NAME = AccentColor;
				CODE_SIGN_STYLE = Automatic;
				CURRENT_PROJECT_VERSION = 1;
				DEVELOPMENT_TEAM = YA533DMD5J;
				ENABLE_PREVIEWS = YES;
				GENERATE_INFOPLIST_FILE = YES;
				INFOPLIST_KEY_UIApplicationSceneManifest_Generation = YES;
				INFOPLIST_KEY_UIApplicationSupportsIndirectInputEvents = YES;
				INFOPLIST_KEY_UILaunchScreen_Generation = YES;
				INFOPLIST_KEY_UISupportedInterfaceOrientations_iPad = "UIInterfaceOrientationPortrait UIInterfaceOrientationPortraitUpsideDown UIInterfaceOrientationLandscapeLeft UIInterfaceOrientationLandscapeRight";
				INFOPLIST_KEY_UISupportedInterfaceOrientations_iPhone = "UIInterfaceOrientationPortrait UIInterfaceOrientationLandscapeLeft UIInterfaceOrientationLandscapeRight";
				LD_RUNPATH_SEARCH_PATHS = (
					"$(inherited)",
					"@executable_path/Frameworks",
				);
				MARKETING_VERSION = 1.0;
				PRODUCT_BUNDLE_IDENTIFIER = com.aheze.SwiftUICraft;
				PRODUCT_NAME = "$(TARGET_NAME)";
				SWIFT_EMIT_LOC_STRINGS = YES;
				SWIFT_VERSION = 5.0;
				TARGETED_DEVICE_FAMILY = "1,2";
			};
			name = Debug;
		};
		3CBC128D2918B0A400D9DB0E /* Release */ = {
			isa = XCBuildConfiguration;
			buildSettings = {
				ASSETCATALOG_COMPILER_APPICON_NAME = AppIcon;
				ASSETCATALOG_COMPILER_GLOBAL_ACCENT_COLOR_NAME = AccentColor;
				CODE_SIGN_STYLE = Automatic;
				CURRENT_PROJECT_VERSION = 1;
				DEVELOPMENT_TEAM = YA533DMD5J;
				ENABLE_PREVIEWS = YES;
				GENERATE_INFOPLIST_FILE = YES;
				INFOPLIST_KEY_UIApplicationSceneManifest_Generation = YES;
				INFOPLIST_KEY_UIApplicationSupportsIndirectInputEvents = YES;
				INFOPLIST_KEY_UILaunchScreen_Generation = YES;
				INFOPLIST_KEY_UISupportedInterfaceOrientations_iPad = "UIInterfaceOrientationPortrait UIInterfaceOrientationPortraitUpsideDown UIInterfaceOrientationLandscapeLeft UIInterfaceOrientationLandscapeRight";
				INFOPLIST_KEY_UISupportedInterfaceOrientations_iPhone = "UIInterfaceOrientationPortrait UIInterfaceOrientationLandscapeLeft UIInterfaceOrientationLandscapeRight";
				LD_RUNPATH_SEARCH_PATHS = (
					"$(inherited)",
					"@executable_path/Frameworks",
				);
				MARKETING_VERSION = 1.0;
				PRODUCT_BUNDLE_IDENTIFIER = com.aheze.SwiftUICraft;
				PRODUCT_NAME = "$(TARGET_NAME)";
				SWIFT_EMIT_LOC_STRINGS = YES;
				SWIFT_VERSION = 5.0;
				TARGETED_DEVICE_FAMILY = "1,2";
			};
			name = Release;
		};
/* End XCBuildConfiguration section */

/* Begin XCConfigurationList section */
		3CBC12782918B0A300D9DB0E /* Build configuration list for PBXProject "SwiftUICraft" */ = {
			isa = XCConfigurationList;
			buildConfigurations = (
				3CBC12892918B0A400D9DB0E /* Debug */,
				3CBC128A2918B0A400D9DB0E /* Release */,
			);
			defaultConfigurationIsVisible = 0;
			defaultConfigurationName = Release;
		};
		3CBC128B2918B0A400D9DB0E /* Build configuration list for PBXNativeTarget "SwiftUICraft" */ = {
			isa = XCConfigurationList;
			buildConfigurations = (
				3CBC128C2918B0A400D9DB0E /* Debug */,
				3CBC128D2918B0A400D9DB0E /* Release */,
			);
			defaultConfigurationIsVisible = 0;
			defaultConfigurationName = Release;
		};
/* End XCConfigurationList section */

/* Begin XCRemoteSwiftPackageReference section */
		3CBC128E2918B0D900D9DB0E /* XCRemoteSwiftPackageReference "Prism" */ = {
			isa = XCRemoteSwiftPackageReference;
			repositoryURL = "https://github.com/aheze/Prism";
			requirement = {
				kind = upToNextMajorVersion;
				minimumVersion = 1.0.0;
			};
		};
/* End XCRemoteSwiftPackageReference section */

/* Begin XCSwiftPackageProductDependency section */
		3CBC128F2918B0D900D9DB0E /* Prism */ = {
			isa = XCSwiftPackageProductDependency;
			package = 3CBC128E2918B0D900D9DB0E /* XCRemoteSwiftPackageReference "Prism" */;
			productName = Prism;
		};
/* End XCSwiftPackageProductDependency section */
	};
	rootObject = 3CBC12752918B0A300D9DB0E /* Project object */;
}
